{
  "version": "5",
  "specifiers": {
    "jsr:@std/dotenv@*": "0.225.6",
    "npm:@anthropic-ai/sdk@*": "0.78.0",
    "npm:openai@*": "6.25.0"
  },
  "jsr": {
    "@std/dotenv@0.225.6": {
      "integrity": "1d6f9db72f565bd26790fa034c26e45ecb260b5245417be76c2279e5734c421b"
    }
  },
  "npm": {
    "@anthropic-ai/sdk@0.78.0": {
      "integrity": "sha512-PzQhR715td/m1UaaN5hHXjYB8Gl2lF9UVhrrGrZeysiF6Rb74Wc9GCB8hzLdzmQtBd1qe89F9OptgB9Za1Ib5w==",
      "dependencies": [
        "json-schema-to-ts"
      ],
      "bin": true
    },
    "@babel/runtime@7.28.6": {
      "integrity": "sha512-05WQkdpL9COIMz4LjTxGpPNCdlpyimKppYNoJ5Di5EUObifl8t4tuLuUBBZEpoLYOmfvIWrsp9fCl0HoPRVTdA=="
    },
    "json-schema-to-ts@3.1.1": {
      "integrity": "sha512-+DWg8jCJG2TEnpy7kOm/7/AxaYoaRbjVB4LFZLySZlWn8exGs3A4OLJR966cVvU26N7X9TWxl+Jsw7dzAqKT6g==",
      "dependencies": [
        "@babel/runtime",
        "ts-algebra"
      ]
    },
    "openai@6.25.0": {
      "integrity": "sha512-mEh6VZ2ds2AGGokWARo18aPISI1OhlgdEIC1ewhkZr8pSIT31dec0ecr9Nhxx0JlybyOgoAT1sWeKtwPZzJyww==",
      "bin": true
    },
    "ts-algebra@2.0.0": {
      "integrity": "sha512-FPAhNPFMrkwz76P7cdjdmiShwMynZYN6SgOujD1urY4oNm80Ou9oMdmbR45LotcKOXoy7wSmHkRFE6Mxbrhefw=="
    }
  }
}
